// !$*UTF8*$!
{
	archiveVersion = 1;
	classes = {
	};
	objectVersion = 46;
	objects = {

/* Begin PBXBuildFile section */
		82799D8E0802E7D18A5EBACB /* libPods-SmartHome.a in Frameworks */ = {isa = PBXBuildFile; fileRef = 60B74ABB349DEA4E6A2FFDD3 /* libPods-SmartHome.a */; };
		D33EFDF11C48E00E000FACB0 /* SmartLinkViewController.m in Sources */ = {isa = PBXBuildFile; fileRef = D33EFDF01C48E00E000FACB0 /* SmartLinkViewController.m */; };
		D33EFDF41C48E678000FACB0 /* LoginViewController.m in Sources */ = {isa = PBXBuildFile; fileRef = D33EFDF31C48E678000FACB0 /* LoginViewController.m */; };
		D343BB041C4A287500D56638 /* DeviceListTableViewController.m in Sources */ = {isa = PBXBuildFile; fileRef = D343BB031C4A287500D56638 /* DeviceListTableViewController.m */; };
		D343BB071C4A288900D56638 /* DeviceListTableViewCell.m in Sources */ = {isa = PBXBuildFile; fileRef = D343BB061C4A288900D56638 /* DeviceListTableViewCell.m */; };
		D3B47A4F1C4CC10600DC1076 /* ScanViewController.m in Sources */ = {isa = PBXBuildFile; fileRef = D3B47A4E1C4CC10600DC1076 /* ScanViewController.m */; };
		D3B47A531C4CC82200DC1076 /* WIFIUtil.m in Sources */ = {isa = PBXBuildFile; fileRef = D3B47A521C4CC82200DC1076 /* WIFIUtil.m */; };
		D3FBA3EB1C46524A000ECF85 /* main.m in Sources */ = {isa = PBXBuildFile; fileRef = D3FBA3EA1C46524A000ECF85 /* main.m */; };
		D3FBA3EE1C46524A000ECF85 /* AppDelegate.m in Sources */ = {isa = PBXBuildFile; fileRef = D3FBA3ED1C46524A000ECF85 /* AppDelegate.m */; };
		D3FBA3F41C46524A000ECF85 /* Main.storyboard in Resources */ = {isa = PBXBuildFile; fileRef = D3FBA3F21C46524A000ECF85 /* Main.storyboard */; };
		D3FBA3F61C46524A000ECF85 /* Assets.xcassets in Resources */ = {isa = PBXBuildFile; fileRef = D3FBA3F51C46524A000ECF85 /* Assets.xcassets */; };
		D3FBA3F91C46524A000ECF85 /* LaunchScreen.storyboard in Resources */ = {isa = PBXBuildFile; fileRef = D3FBA3F71C46524A000ECF85 /* LaunchScreen.storyboard */; };
		D3FBA4031C4657EB000ECF85 /* LoginButton.swift in Sources */ = {isa = PBXBuildFile; fileRef = D3FBA4021C4657EB000ECF85 /* LoginButton.swift */; };
/* End PBXBuildFile section */

/* Begin PBXFileReference section */
		10C1E56F2008EAF1A06D57CC /* Pods-SmartHome.debug.xcconfig */ = {isa = PBXFileReference; includeInIndex = 1; lastKnownFileType = text.xcconfig; name = "Pods-SmartHome.debug.xcconfig"; path = "Pods/Target Support Files/Pods-SmartHome/Pods-SmartHome.debug.xcconfig"; sourceTree = "<group>"; };
		60B74ABB349DEA4E6A2FFDD3 /* libPods-SmartHome.a */ = {isa = PBXFileReference; explicitFileType = archive.ar; includeInIndex = 0; path = "libPods-SmartHome.a"; sourceTree = BUILT_PRODUCTS_DIR; };
		701C47C1E384A7FCCDDEF5E1 /* Pods-SmartHome.release.xcconfig */ = {isa = PBXFileReference; includeInIndex = 1; lastKnownFileType = text.xcconfig; name = "Pods-SmartHome.release.xcconfig"; path = "Pods/Target Support Files/Pods-SmartHome/Pods-SmartHome.release.xcconfig"; sourceTree = "<group>"; };
		D33EFDEF1C48E00E000FACB0 /* SmartLinkViewController.h */ = {isa = PBXFileReference; fileEncoding = 4; lastKnownFileType = sourcecode.c.h; path = SmartLinkViewController.h; sourceTree = "<group>"; };
		D33EFDF01C48E00E000FACB0 /* SmartLinkViewController.m */ = {isa = PBXFileReference; fileEncoding = 4; lastKnownFileType = sourcecode.c.objc; path = SmartLinkViewController.m; sourceTree = "<group>"; };
		D33EFDF21C48E678000FACB0 /* LoginViewController.h */ = {isa = PBXFileReference; fileEncoding = 4; lastKnownFileType = sourcecode.c.h; path = LoginViewController.h; sourceTree = "<group>"; };
		D33EFDF31C48E678000FACB0 /* LoginViewController.m */ = {isa = PBXFileReference; fileEncoding = 4; lastKnownFileType = sourcecode.c.objc; path = LoginViewController.m; sourceTree = "<group>"; };
		D343BB021C4A287500D56638 /* DeviceListTableViewController.h */ = {isa = PBXFileReference; fileEncoding = 4; lastKnownFileType = sourcecode.c.h; path = DeviceListTableViewController.h; sourceTree = "<group>"; };
		D343BB031C4A287500D56638 /* DeviceListTableViewController.m */ = {isa = PBXFileReference; fileEncoding = 4; lastKnownFileType = sourcecode.c.objc; path = DeviceListTableViewController.m; sourceTree = "<group>"; };
		D343BB051C4A288900D56638 /* DeviceListTableViewCell.h */ = {isa = PBXFileReference; fileEncoding = 4; lastKnownFileType = sourcecode.c.h; path = DeviceListTableViewCell.h; sourceTree = "<group>"; };
		D343BB061C4A288900D56638 /* DeviceListTableViewCell.m */ = {isa = PBXFileReference; fileEncoding = 4; lastKnownFileType = sourcecode.c.objc; path = DeviceListTableViewCell.m; sourceTree = "<group>"; };
		D3B47A4D1C4CC10600DC1076 /* ScanViewController.h */ = {isa = PBXFileReference; fileEncoding = 4; lastKnownFileType = sourcecode.c.h; path = ScanViewController.h; sourceTree = "<group>"; };
		D3B47A4E1C4CC10600DC1076 /* ScanViewController.m */ = {isa = PBXFileReference; fileEncoding = 4; lastKnownFileType = sourcecode.c.objc; path = ScanViewController.m; sourceTree = "<group>"; };
		D3B47A511C4CC82200DC1076 /* WIFIUtil.h */ = {isa = PBXFileReference; fileEncoding = 4; lastKnownFileType = sourcecode.c.h; path = WIFIUtil.h; sourceTree = "<group>"; };
		D3B47A521C4CC82200DC1076 /* WIFIUtil.m */ = {isa = PBXFileReference; fileEncoding = 4; lastKnownFileType = sourcecode.c.objc; path = WIFIUtil.m; sourceTree = "<group>"; };
		D3FBA3E61C46524A000ECF85 /* SmartHome.app */ = {isa = PBXFileReference; explicitFileType = wrapper.application; includeInIndex = 0; path = SmartHome.app; sourceTree = BUILT_PRODUCTS_DIR; };
		D3FBA3EA1C46524A000ECF85 /* main.m */ = {isa = PBXFileReference; lastKnownFileType = sourcecode.c.objc; path = main.m; sourceTree = "<group>"; };
		D3FBA3EC1C46524A000ECF85 /* AppDelegate.h */ = {isa = PBXFileReference; lastKnownFileType = sourcecode.c.h; path = AppDelegate.h; sourceTree = "<group>"; };
		D3FBA3ED1C46524A000ECF85 /* AppDelegate.m */ = {isa = PBXFileReference; lastKnownFileType = sourcecode.c.objc; path = AppDelegate.m; sourceTree = "<group>"; };
		D3FBA3F31C46524A000ECF85 /* Base */ = {isa = PBXFileReference; lastKnownFileType = file.storyboard; name = Base; path = Base.lproj/Main.storyboard; sourceTree = "<group>"; };
		D3FBA3F51C46524A000ECF85 /* Assets.xcassets */ = {isa = PBXFileReference; lastKnownFileType = folder.assetcatalog; path = Assets.xcassets; sourceTree = "<group>"; };
		D3FBA3F81C46524A000ECF85 /* Base */ = {isa = PBXFileReference; lastKnownFileType = file.storyboard; name = Base; path = Base.lproj/LaunchScreen.storyboard; sourceTree = "<group>"; };
		D3FBA3FA1C46524A000ECF85 /* Info.plist */ = {isa = PBXFileReference; lastKnownFileType = text.plist.xml; path = Info.plist; sourceTree = "<group>"; };
		D3FBA4011C4657EB000ECF85 /* SmartHome-Bridging-Header.h */ = {isa = PBXFileReference; lastKnownFileType = sourcecode.c.h; name = "SmartHome-Bridging-Header.h"; path = "View/SmartHome-Bridging-Header.h"; sourceTree = "<group>"; };
		D3FBA4021C4657EB000ECF85 /* LoginButton.swift */ = {isa = PBXFileReference; fileEncoding = 4; lastKnownFileType = sourcecode.swift; path = LoginButton.swift; sourceTree = "<group>"; };
/* End PBXFileReference section */

/* Begin PBXFrameworksBuildPhase section */
		D3FBA3E31C46524A000ECF85 /* Frameworks */ = {
			isa = PBXFrameworksBuildPhase;
			buildActionMask = 2147483647;
			files = (
				82799D8E0802E7D18A5EBACB /* libPods-SmartHome.a in Frameworks */,
			);
			runOnlyForDeploymentPostprocessing = 0;
		};
/* End PBXFrameworksBuildPhase section */

/* Begin PBXGroup section */
		836EA2BA69BA73814284F6CF /* Frameworks */ = {
			isa = PBXGroup;
			children = (
				60B74ABB349DEA4E6A2FFDD3 /* libPods-SmartHome.a */,
			);
			name = Frameworks;
			sourceTree = "<group>";
		};
		CEB917CD0E4F48A472DAAC0E /* Pods */ = {
			isa = PBXGroup;
			children = (
				10C1E56F2008EAF1A06D57CC /* Pods-SmartHome.debug.xcconfig */,
				701C47C1E384A7FCCDDEF5E1 /* Pods-SmartHome.release.xcconfig */,
			);
			name = Pods;
			sourceTree = "<group>";
		};
		D33EFDEE1C48E00E000FACB0 /* ViewController */ = {
			isa = PBXGroup;
			children = (
				D33EFDEF1C48E00E000FACB0 /* SmartLinkViewController.h */,
				D33EFDF01C48E00E000FACB0 /* SmartLinkViewController.m */,
				D33EFDF21C48E678000FACB0 /* LoginViewController.h */,
				D33EFDF31C48E678000FACB0 /* LoginViewController.m */,
				D343BB021C4A287500D56638 /* DeviceListTableViewController.h */,
				D343BB031C4A287500D56638 /* DeviceListTableViewController.m */,
				D3B47A4D1C4CC10600DC1076 /* ScanViewController.h */,
				D3B47A4E1C4CC10600DC1076 /* ScanViewController.m */,
			);
			path = ViewController;
			sourceTree = "<group>";
		};
		D3B47A501C4CC80D00DC1076 /* Utils */ = {
			isa = PBXGroup;
			children = (
				D3B47A511C4CC82200DC1076 /* WIFIUtil.h */,
				D3B47A521C4CC82200DC1076 /* WIFIUtil.m */,
			);
			path = Utils;
			sourceTree = "<group>";
		};
		D3FBA3DD1C46524A000ECF85 = {
			isa = PBXGroup;
			children = (
				D3FBA3E81C46524A000ECF85 /* SmartHome */,
				D3FBA3E71C46524A000ECF85 /* Products */,
				CEB917CD0E4F48A472DAAC0E /* Pods */,
				836EA2BA69BA73814284F6CF /* Frameworks */,
			);
			sourceTree = "<group>";
		};
		D3FBA3E71C46524A000ECF85 /* Products */ = {
			isa = PBXGroup;
			children = (
				D3FBA3E61C46524A000ECF85 /* SmartHome.app */,
			);
			name = Products;
			sourceTree = "<group>";
		};
		D3FBA3E81C46524A000ECF85 /* SmartHome */ = {
			isa = PBXGroup;
			children = (
				D3FBA4011C4657EB000ECF85 /* SmartHome-Bridging-Header.h */,
				D3FBA3F21C46524A000ECF85 /* Main.storyboard */,
				D3FBA3F51C46524A000ECF85 /* Assets.xcassets */,
				D3FBA3F71C46524A000ECF85 /* LaunchScreen.storyboard */,
				D3B47A501C4CC80D00DC1076 /* Utils */,
				D3FBA4001C4657CD000ECF85 /* View */,
				D33EFDEE1C48E00E000FACB0 /* ViewController */,
				D3FBA3EC1C46524A000ECF85 /* AppDelegate.h */,
				D3FBA3ED1C46524A000ECF85 /* AppDelegate.m */,
				D3FBA3FA1C46524A000ECF85 /* Info.plist */,
				D3FBA3E91C46524A000ECF85 /* Supporting Files */,
			);
			path = SmartHome;
			sourceTree = "<group>";
		};
		D3FBA3E91C46524A000ECF85 /* Supporting Files */ = {
			isa = PBXGroup;
			children = (
				D3FBA3EA1C46524A000ECF85 /* main.m */,
			);
			name = "Supporting Files";
			sourceTree = "<group>";
		};
		D3FBA4001C4657CD000ECF85 /* View */ = {
			isa = PBXGroup;
			children = (
				D3FBA4021C4657EB000ECF85 /* LoginButton.swift */,
				D343BB051C4A288900D56638 /* DeviceListTableViewCell.h */,
				D343BB061C4A288900D56638 /* DeviceListTableViewCell.m */,
			);
			path = View;
			sourceTree = "<group>";
		};
/* End PBXGroup section */

/* Begin PBXNativeTarget section */
		D3FBA3E51C46524A000ECF85 /* SmartHome */ = {
			isa = PBXNativeTarget;
			buildConfigurationList = D3FBA3FD1C46524A000ECF85 /* Build configuration list for PBXNativeTarget "SmartHome" */;
			buildPhases = (
				19DE7C3DC82C822C4284CFC3 /* Check Pods Manifest.lock */,
				D3FBA3E21C46524A000ECF85 /* Sources */,
				D3FBA3E31C46524A000ECF85 /* Frameworks */,
				D3FBA3E41C46524A000ECF85 /* Resources */,
				DFA8CF58D32FF1489EB91189 /* Embed Pods Frameworks */,
				B18C52F74B43D0A02C9C432B /* Copy Pods Resources */,
			);
			buildRules = (
			);
			dependencies = (
			);
			name = SmartHome;
			productName = SmartHome;
			productReference = D3FBA3E61C46524A000ECF85 /* SmartHome.app */;
			productType = "com.apple.product-type.application";
		};
/* End PBXNativeTarget section */

/* Begin PBXProject section */
		D3FBA3DE1C46524A000ECF85 /* Project object */ = {
			isa = PBXProject;
			attributes = {
				LastUpgradeCheck = 0720;
				ORGANIZATIONNAME = "刘向宏";
				TargetAttributes = {
					D3FBA3E51C46524A000ECF85 = {
						CreatedOnToolsVersion = 7.2;
					};
				};
			};
			buildConfigurationList = D3FBA3E11C46524A000ECF85 /* Build configuration list for PBXProject "SmartHome" */;
			compatibilityVersion = "Xcode 3.2";
			developmentRegion = English;
			hasScannedForEncodings = 0;
			knownRegions = (
				en,
				Base,
			);
			mainGroup = D3FBA3DD1C46524A000ECF85;
			productRefGroup = D3FBA3E71C46524A000ECF85 /* Products */;
			projectDirPath = "";
			projectRoot = "";
			targets = (
				D3FBA3E51C46524A000ECF85 /* SmartHome */,
			);
		};
/* End PBXProject section */

/* Begin PBXResourcesBuildPhase section */
		D3FBA3E41C46524A000ECF85 /* Resources */ = {
			isa = PBXResourcesBuildPhase;
			buildActionMask = 2147483647;
			files = (
				D3FBA3F91C46524A000ECF85 /* LaunchScreen.storyboard in Resources */,
				D3FBA3F61C46524A000ECF85 /* Assets.xcassets in Resources */,
				D3FBA3F41C46524A000ECF85 /* Main.storyboard in Resources */,
			);
			runOnlyForDeploymentPostprocessing = 0;
		};
/* End PBXResourcesBuildPhase section */

/* Begin PBXShellScriptBuildPhase section */
		19DE7C3DC82C822C4284CFC3 /* Check Pods Manifest.lock */ = {
			isa = PBXShellScriptBuildPhase;
			buildActionMask = 2147483647;
			files = (
			);
			inputPaths = (
			);
			name = "Check Pods Manifest.lock";
			outputPaths = (
			);
			runOnlyForDeploymentPostprocessing = 0;
			shellPath = /bin/sh;
			shellScript = "diff \"${PODS_ROOT}/../Podfile.lock\" \"${PODS_ROOT}/Manifest.lock\" > /dev/null\nif [[ $? != 0 ]] ; then\n    cat << EOM\nerror: The sandbox is not in sync with the Podfile.lock. Run 'pod install' or update your CocoaPods installation.\nEOM\n    exit 1\nfi\n";
			showEnvVarsInLog = 0;
		};
		B18C52F74B43D0A02C9C432B /* Copy Pods Resources */ = {
			isa = PBXShellScriptBuildPhase;
			buildActionMask = 2147483647;
			files = (
			);
			inputPaths = (
			);
			name = "Copy Pods Resources";
			outputPaths = (
			);
			runOnlyForDeploymentPostprocessing = 0;
			shellPath = /bin/sh;
			shellScript = "\"${SRCROOT}/Pods/Target Support Files/Pods-SmartHome/Pods-SmartHome-resources.sh\"\n";
			showEnvVarsInLog = 0;
		};
		DFA8CF58D32FF1489EB91189 /* Embed Pods Frameworks */ = {
			isa = PBXShellScriptBuildPhase;
			buildActionMask = 2147483647;
			files = (
			);
			inputPaths = (
			);
			name = "Embed Pods Frameworks";
			outputPaths = (
			);
			runOnlyForDeploymentPostprocessing = 0;
			shellPath = /bin/sh;
			shellScript = "\"${SRCROOT}/Pods/Target Support Files/Pods-SmartHome/Pods-SmartHome-frameworks.sh\"\n";
			showEnvVarsInLog = 0;
		};
/* End PBXShellScriptBuildPhase section */

/* Begin PBXSourcesBuildPhase section */
		D3FBA3E21C46524A000ECF85 /* Sources */ = {
			isa = PBXSourcesBuildPhase;
			buildActionMask = 2147483647;
			files = (
				D3FBA4031C4657EB000ECF85 /* LoginButton.swift in Sources */,
				D343BB041C4A287500D56638 /* DeviceListTableViewController.m in Sources */,
				D3B47A531C4CC82200DC1076 /* WIFIUtil.m in Sources */,
				D33EFDF11C48E00E000FACB0 /* SmartLinkViewController.m in Sources */,
				D3B47A4F1C4CC10600DC1076 /* ScanViewController.m in Sources */,
				D3FBA3EE1C46524A000ECF85 /* AppDelegate.m in Sources */,
				D3FBA3EB1C46524A000ECF85 /* main.m in Sources */,
				D33EFDF41C48E678000FACB0 /* LoginViewController.m in Sources */,
				D343BB071C4A288900D56638 /* DeviceListTableViewCell.m in Sources */,
			);
			runOnlyForDeploymentPostprocessing = 0;
		};
/* End PBXSourcesBuildPhase section */

/* Begin PBXVariantGroup section */
		D3FBA3F21C46524A000ECF85 /* Main.storyboard */ = {
			isa = PBXVariantGroup;
			children = (
				D3FBA3F31C46524A000ECF85 /* Base */,
			);
			name = Main.storyboard;
			sourceTree = "<group>";
		};
		D3FBA3F71C46524A000ECF85 /* LaunchScreen.storyboard */ = {
			isa = PBXVariantGroup;
			children = (
				D3FBA3F81C46524A000ECF85 /* Base */,
			);
			name = LaunchScreen.storyboard;
			sourceTree = "<group>";
		};
/* End PBXVariantGroup section */

/* Begin XCBuildConfiguration section */
		D3FBA3FB1C46524A000ECF85 /* Debug */ = {
			isa = XCBuildConfiguration;
			buildSettings = {
				ALWAYS_SEARCH_USER_PATHS = NO;
				CLANG_CXX_LANGUAGE_STANDARD = "gnu++0x";
				CLANG_CXX_LIBRARY = "libc++";
				CLANG_ENABLE_MODULES = YES;
				CLANG_ENABLE_OBJC_ARC = YES;
				CLANG_WARN_BOOL_CONVERSION = YES;
				CLANG_WARN_CONSTANT_CONVERSION = YES;
				CLANG_WARN_DIRECT_OBJC_ISA_USAGE = YES_ERROR;
				CLANG_WARN_EMPTY_BODY = YES;
				CLANG_WARN_ENUM_CONVERSION = YES;
				CLANG_WARN_INT_CONVERSION = YES;
				CLANG_WARN_OBJC_ROOT_CLASS = YES_ERROR;
				CLANG_WARN_UNREACHABLE_CODE = YES;
				CLANG_WARN__DUPLICATE_METHOD_MATCH = YES;
				"CODE_SIGN_IDENTITY[sdk=iphoneos*]" = "iPhone Developer";
				COPY_PHASE_STRIP = NO;
				DEBUG_INFORMATION_FORMAT = dwarf;
				ENABLE_STRICT_OBJC_MSGSEND = YES;
				ENABLE_TESTABILITY = YES;
				GCC_C_LANGUAGE_STANDARD = gnu99;
				GCC_DYNAMIC_NO_PIC = NO;
				GCC_NO_COMMON_BLOCKS = YES;
				GCC_OPTIMIZATION_LEVEL = 0;
				GCC_PREPROCESSOR_DEFINITIONS = (
					"DEBUG=1",
					"$(inherited)",
				);
				GCC_WARN_64_TO_32_BIT_CONVERSION = YES;
				GCC_WARN_ABOUT_RETURN_TYPE = YES_ERROR;
				GCC_WARN_UNDECLARED_SELECTOR = YES;
				GCC_WARN_UNINITIALIZED_AUTOS = YES_AGGRESSIVE;
				GCC_WARN_UNUSED_FUNCTION = YES;
				GCC_WARN_UNUSED_VARIABLE = YES;
				IPHONEOS_DEPLOYMENT_TARGET = 9.2;
				MTL_ENABLE_DEBUG_INFO = YES;
				ONLY_ACTIVE_ARCH = YES;
				SDKROOT = iphoneos;
			};
			name = Debug;
		};
		D3FBA3FC1C46524A000ECF85 /* Release */ = {
			isa = XCBuildConfiguration;
			buildSettings = {
				ALWAYS_SEARCH_USER_PATHS = NO;
				CLANG_CXX_LANGUAGE_STANDARD = "gnu++0x";
				CLANG_CXX_LIBRARY = "libc++";
				CLANG_ENABLE_MODULES = YES;
				CLANG_ENABLE_OBJC_ARC = YES;
				CLANG_WARN_BOOL_CONVERSION = YES;
				CLANG_WARN_CONSTANT_CONVERSION = YES;
				CLANG_WARN_DIRECT_OBJC_ISA_USAGE = YES_ERROR;
				CLANG_WARN_EMPTY_BODY = YES;
				CLANG_WARN_ENUM_CONVERSION = YES;
				CLANG_WARN_INT_CONVERSION = YES;
				CLANG_WARN_OBJC_ROOT_CLASS = YES_ERROR;
				CLANG_WARN_UNREACHABLE_CODE = YES;
				CLANG_WARN__DUPLICATE_METHOD_MATCH = YES;
				"CODE_SIGN_IDENTITY[sdk=iphoneos*]" = "iPhone Developer";
				COPY_PHASE_STRIP = NO;
				DEBUG_INFORMATION_FORMAT = "dwarf-with-dsym";
				ENABLE_NS_ASSERTIONS = NO;
				ENABLE_STRICT_OBJC_MSGSEND = YES;
				GCC_C_LANGUAGE_STANDARD = gnu99;
				GCC_NO_COMMON_BLOCKS = YES;
				GCC_WARN_64_TO_32_BIT_CONVERSION = YES;
				GCC_WARN_ABOUT_RETURN_TYPE = YES_ERROR;
				GCC_WARN_UNDECLARED_SELECTOR = YES;
				GCC_WARN_UNINITIALIZED_AUTOS = YES_AGGRESSIVE;
				GCC_WARN_UNUSED_FUNCTION = YES;
				GCC_WARN_UNUSED_VARIABLE = YES;
				IPHONEOS_DEPLOYMENT_TARGET = 9.2;
				MTL_ENABLE_DEBUG_INFO = NO;
				SDKROOT = iphoneos;
				VALIDATE_PRODUCT = YES;
			};
			name = Release;
		};
		D3FBA3FE1C46524A000ECF85 /* Debug */ = {
			isa = XCBuildConfiguration;
			baseConfigurationReference = 10C1E56F2008EAF1A06D57CC /* Pods-SmartHome.debug.xcconfig */;
			buildSettings = {
				ASSETCATALOG_COMPILER_APPICON_NAME = AppIcon;
				CLANG_ENABLE_MODULES = YES;
				INFOPLIST_FILE = SmartHome/Info.plist;
				IPHONEOS_DEPLOYMENT_TARGET = 8.0;
				LD_RUNPATH_SEARCH_PATHS = "$(inherited) @executable_path/Frameworks";
				PRODUCT_BUNDLE_IDENTIFIER = com.bugong.SmartHome;
				PRODUCT_NAME = "$(TARGET_NAME)";
				SWIFT_OBJC_BRIDGING_HEADER = "SmartHome/View/SmartHome-Bridging-Header.h";
				SWIFT_OPTIMIZATION_LEVEL = "-Onone";
				TARGETED_DEVICE_FAMILY = 1;
			};
			name = Debug;
		};
		D3FBA3FF1C46524A000ECF85 /* Release */ = {
			isa = XCBuildConfiguration;
			baseConfigurationReference = 701C47C1E384A7FCCDDEF5E1 /* Pods-SmartHome.release.xcconfig */;
			buildSettings = {
				ASSETCATALOG_COMPILER_APPICON_NAME = AppIcon;
				CLANG_ENABLE_MODULES = YES;
				INFOPLIST_FILE = SmartHome/Info.plist;
				IPHONEOS_DEPLOYMENT_TARGET = 8.0;
				LD_RUNPATH_SEARCH_PATHS = "$(inherited) @executable_path/Frameworks";
				PRODUCT_BUNDLE_IDENTIFIER = com.bugong.SmartHome;
				PRODUCT_NAME = "$(TARGET_NAME)";
				SWIFT_OBJC_BRIDGING_HEADER = "SmartHome/View/SmartHome-Bridging-Header.h";
				TARGETED_DEVICE_FAMILY = 1;
			};
			name = Release;
		};
/* End XCBuildConfiguration section */

/* Begin XCConfigurationList section */
		D3FBA3E11C46524A000ECF85 /* Build configuration list for PBXProject "SmartHome" */ = {
			isa = XCConfigurationList;
			buildConfigurations = (
				D3FBA3FB1C46524A000ECF85 /* Debug */,
				D3FBA3FC1C46524A000ECF85 /* Release */,
			);
			defaultConfigurationIsVisible = 0;
			defaultConfigurationName = Release;
		};
		D3FBA3FD1C46524A000ECF85 /* Build configuration list for PBXNativeTarget "SmartHome" */ = {
			isa = XCConfigurationList;
			buildConfigurations = (
				D3FBA3FE1C46524A000ECF85 /* Debug */,
				D3FBA3FF1C46524A000ECF85 /* Release */,
			);
			defaultConfigurationIsVisible = 0;
			defaultConfigurationName = Release;
		};
/* End XCConfigurationList section */
	};
	rootObject = D3FBA3DE1C46524A000ECF85 /* Project object */;
}
